// !$*UTF8*$!
{
	archiveVersion = 1;
	classes = {
	};
	objectVersion = 46;
	objects = {

/* Begin PBXBuildFile section */
		51847F331E84CFB600B18175 /* main.m in Sources */ = {isa = PBXBuildFile; fileRef = 51847F321E84CFB600B18175 /* main.m */; };
		51847F361E84CFB600B18175 /* AppDelegate.m in Sources */ = {isa = PBXBuildFile; fileRef = 51847F351E84CFB600B18175 /* AppDelegate.m */; };
		51847F391E84CFB600B18175 /* ViewController.m in Sources */ = {isa = PBXBuildFile; fileRef = 51847F381E84CFB600B18175 /* ViewController.m */; };
		51847F3C1E84CFB600B18175 /* Main.storyboard in Resources */ = {isa = PBXBuildFile; fileRef = 51847F3A1E84CFB600B18175 /* Main.storyboard */; };
		51847F3E1E84CFB600B18175 /* Assets.xcassets in Resources */ = {isa = PBXBuildFile; fileRef = 51847F3D1E84CFB600B18175 /* Assets.xcassets */; };
		51847F411E84CFB600B18175 /* LaunchScreen.storyboard in Resources */ = {isa = PBXBuildFile; fileRef = 51847F3F1E84CFB600B18175 /* LaunchScreen.storyboard */; };
		51847F4C1E84CFB600B18175 /* AUITests.m in Sources */ = {isa = PBXBuildFile; fileRef = 51847F4B1E84CFB600B18175 /* AUITests.m */; };
		CD9D9C5799F28B219F155665 /* libPods-A.a in Frameworks */ = {isa = PBXBuildFile; fileRef = 1DE7B12500A1E763110AE1D8 /* libPods-A.a */; };
/* End PBXBuildFile section */

/* Begin PBXContainerItemProxy section */
		51847F481E84CFB600B18175 /* PBXContainerItemProxy */ = {
			isa = PBXContainerItemProxy;
			containerPortal = 51847F261E84CFB600B18175 /* Project object */;
			proxyType = 1;
			remoteGlobalIDString = 51847F2D1E84CFB600B18175;
			remoteInfo = A;
		};
/* End PBXContainerItemProxy section */

/* Begin PBXFileReference section */
		1DE7B12500A1E763110AE1D8 /* libPods-A.a */ = {isa = PBXFileReference; explicitFileType = archive.ar; includeInIndex = 0; path = "libPods-A.a"; sourceTree = BUILT_PRODUCTS_DIR; };
		51847F2E1E84CFB600B18175 /* A.app */ = {isa = PBXFileReference; explicitFileType = wrapper.application; includeInIndex = 0; path = A.app; sourceTree = BUILT_PRODUCTS_DIR; };
		51847F321E84CFB600B18175 /* main.m */ = {isa = PBXFileReference; lastKnownFileType = sourcecode.c.objc; path = main.m; sourceTree = "<group>"; };
		51847F341E84CFB600B18175 /* AppDelegate.h */ = {isa = PBXFileReference; lastKnownFileType = sourcecode.c.h; path = AppDelegate.h; sourceTree = "<group>"; };
		51847F351E84CFB600B18175 /* AppDelegate.m */ = {isa = PBXFileReference; lastKnownFileType = sourcecode.c.objc; path = AppDelegate.m; sourceTree = "<group>"; };
		51847F371E84CFB600B18175 /* ViewController.h */ = {isa = PBXFileReference; lastKnownFileType = sourcecode.c.h; path = ViewController.h; sourceTree = "<group>"; };
		51847F381E84CFB600B18175 /* ViewController.m */ = {isa = PBXFileReference; lastKnownFileType = sourcecode.c.objc; path = ViewController.m; sourceTree = "<group>"; };
		51847F3B1E84CFB600B18175 /* Base */ = {isa = PBXFileReference; lastKnownFileType = file.storyboard; name = Base; path = Base.lproj/Main.storyboard; sourceTree = "<group>"; };
		51847F3D1E84CFB600B18175 /* Assets.xcassets */ = {isa = PBXFileReference; lastKnownFileType = folder.assetcatalog; path = Assets.xcassets; sourceTree = "<group>"; };
		51847F401E84CFB600B18175 /* Base */ = {isa = PBXFileReference; lastKnownFileType = file.storyboard; name = Base; path = Base.lproj/LaunchScreen.storyboard; sourceTree = "<group>"; };
		51847F421E84CFB600B18175 /* Info.plist */ = {isa = PBXFileReference; lastKnownFileType = text.plist.xml; path = Info.plist; sourceTree = "<group>"; };
		51847F471E84CFB600B18175 /* AUITests.xctest */ = {isa = PBXFileReference; explicitFileType = wrapper.cfbundle; includeInIndex = 0; path = AUITests.xctest; sourceTree = BUILT_PRODUCTS_DIR; };
		51847F4B1E84CFB600B18175 /* AUITests.m */ = {isa = PBXFileReference; lastKnownFileType = sourcecode.c.objc; path = AUITests.m; sourceTree = "<group>"; };
		51847F4D1E84CFB600B18175 /* Info.plist */ = {isa = PBXFileReference; lastKnownFileType = text.plist.xml; path = Info.plist; sourceTree = "<group>"; };
		D2F944BE5A86BD4AE9947B49 /* Pods-A.debug.xcconfig */ = {isa = PBXFileReference; includeInIndex = 1; lastKnownFileType = text.xcconfig; name = "Pods-A.debug.xcconfig"; path = "Pods/Target Support Files/Pods-A/Pods-A.debug.xcconfig"; sourceTree = "<group>"; };
		E2430B10C66436B4BD3AF869 /* Pods-A.release.xcconfig */ = {isa = PBXFileReference; includeInIndex = 1; lastKnownFileType = text.xcconfig; name = "Pods-A.release.xcconfig"; path = "Pods/Target Support Files/Pods-A/Pods-A.release.xcconfig"; sourceTree = "<group>"; };
/* End PBXFileReference section */

/* Begin PBXFrameworksBuildPhase section */
		51847F2B1E84CFB600B18175 /* Frameworks */ = {
			isa = PBXFrameworksBuildPhase;
			buildActionMask = 2147483647;
			files = (
				CD9D9C5799F28B219F155665 /* libPods-A.a in Frameworks */,
			);
			runOnlyForDeploymentPostprocessing = 0;
		};
		51847F441E84CFB600B18175 /* Frameworks */ = {
			isa = PBXFrameworksBuildPhase;
			buildActionMask = 2147483647;
			files = (
			);
			runOnlyForDeploymentPostprocessing = 0;
		};
/* End PBXFrameworksBuildPhase section */

/* Begin PBXGroup section */
		4DD2197B8496E915F47C5FA8 /* Pods */ = {
			isa = PBXGroup;
			children = (
				D2F944BE5A86BD4AE9947B49 /* Pods-A.debug.xcconfig */,
				E2430B10C66436B4BD3AF869 /* Pods-A.release.xcconfig */,
			);
			name = Pods;
			sourceTree = "<group>";
		};
		51182CEE1E84F58A006BE1A1 /* A */ = {
			isa = PBXGroup;
			children = (
			);
			path = A;
			sourceTree = "<group>";
		};
		51847F251E84CFB600B18175 = {
			isa = PBXGroup;
			children = (
				51847F301E84CFB600B18175 /* A */,
				51847F4A1E84CFB600B18175 /* AUITests */,
				51847F2F1E84CFB600B18175 /* Products */,
				4DD2197B8496E915F47C5FA8 /* Pods */,
				A77124DE410C3E0431608C52 /* Frameworks */,
			);
			sourceTree = "<group>";
		};
		51847F2F1E84CFB600B18175 /* Products */ = {
			isa = PBXGroup;
			children = (
				51847F2E1E84CFB600B18175 /* A.app */,
				51847F471E84CFB600B18175 /* AUITests.xctest */,
			);
			name = Products;
			sourceTree = "<group>";
		};
		51847F301E84CFB600B18175 /* A */ = {
			isa = PBXGroup;
			children = (
				51182CEE1E84F58A006BE1A1 /* A */,
				51847F341E84CFB600B18175 /* AppDelegate.h */,
				51847F351E84CFB600B18175 /* AppDelegate.m */,
				51847F371E84CFB600B18175 /* ViewController.h */,
				51847F381E84CFB600B18175 /* ViewController.m */,
				51847F3A1E84CFB600B18175 /* Main.storyboard */,
				51847F3D1E84CFB600B18175 /* Assets.xcassets */,
				51847F3F1E84CFB600B18175 /* LaunchScreen.storyboard */,
				51847F421E84CFB600B18175 /* Info.plist */,
				51847F311E84CFB600B18175 /* Supporting Files */,
			);
			path = A;
			sourceTree = "<group>";
		};
		51847F311E84CFB600B18175 /* Supporting Files */ = {
			isa = PBXGroup;
			children = (
				51847F321E84CFB600B18175 /* main.m */,
			);
			name = "Supporting Files";
			sourceTree = "<group>";
		};
		51847F4A1E84CFB600B18175 /* AUITests */ = {
			isa = PBXGroup;
			children = (
				51847F4B1E84CFB600B18175 /* AUITests.m */,
				51847F4D1E84CFB600B18175 /* Info.plist */,
			);
			path = AUITests;
			sourceTree = "<group>";
		};
		A77124DE410C3E0431608C52 /* Frameworks */ = {
			isa = PBXGroup;
			children = (
				1DE7B12500A1E763110AE1D8 /* libPods-A.a */,
			);
			name = Frameworks;
			sourceTree = "<group>";
		};
/* End PBXGroup section */

/* Begin PBXNativeTarget section */
		51847F2D1E84CFB600B18175 /* A */ = {
			isa = PBXNativeTarget;
			buildConfigurationList = 51847F501E84CFB600B18175 /* Build configuration list for PBXNativeTarget "A" */;
			buildPhases = (
				D3F5969444EABFA7EE40872E /* [CP] Check Pods Manifest.lock */,
				51847F2A1E84CFB600B18175 /* Sources */,
				51847F2B1E84CFB600B18175 /* Frameworks */,
				51847F2C1E84CFB600B18175 /* Resources */,
				1980BBC0FA9FC22C89CB55A7 /* [CP] Embed Pods Frameworks */,
				CB05CDEFDAAAFDF7DC661D3A /* [CP] Copy Pods Resources */,
			);
			buildRules = (
			);
			dependencies = (
			);
			name = A;
			productName = A;
			productReference = 51847F2E1E84CFB600B18175 /* A.app */;
			productType = "com.apple.product-type.application";
		};
		51847F461E84CFB600B18175 /* AUITests */ = {
			isa = PBXNativeTarget;
			buildConfigurationList = 51847F531E84CFB600B18175 /* Build configuration list for PBXNativeTarget "AUITests" */;
			buildPhases = (
				51847F431E84CFB600B18175 /* Sources */,
				51847F441E84CFB600B18175 /* Frameworks */,
				51847F451E84CFB600B18175 /* Resources */,
			);
			buildRules = (
			);
			dependencies = (
				51847F491E84CFB600B18175 /* PBXTargetDependency */,
			);
			name = AUITests;
			productName = AUITests;
			productReference = 51847F471E84CFB600B18175 /* AUITests.xctest */;
			productType = "com.apple.product-type.bundle.ui-testing";
		};
/* End PBXNativeTarget section */

/* Begin PBXProject section */
		51847F261E84CFB600B18175 /* Project object */ = {
			isa = PBXProject;
			attributes = {
				LastUpgradeCheck = 0820;
				ORGANIZATIONNAME = Minos;
				TargetAttributes = {
					51847F2D1E84CFB600B18175 = {
						CreatedOnToolsVersion = 8.2.1;
						DevelopmentTeam = 3F5U6TT3SR;
						ProvisioningStyle = Automatic;
					};
					51847F461E84CFB600B18175 = {
						CreatedOnToolsVersion = 8.2.1;
						DevelopmentTeam = 3F5U6TT3SR;
						ProvisioningStyle = Automatic;
						TestTargetID = 51847F2D1E84CFB600B18175;
					};
				};
			};
			buildConfigurationList = 51847F291E84CFB600B18175 /* Build configuration list for PBXProject "A" */;
			compatibilityVersion = "Xcode 3.2";
			developmentRegion = English;
			hasScannedForEncodings = 0;
			knownRegions = (
				en,
				Base,
			);
			mainGroup = 51847F251E84CFB600B18175;
			productRefGroup = 51847F2F1E84CFB600B18175 /* Products */;
			projectDirPath = "";
			projectRoot = "";
			targets = (
				51847F2D1E84CFB600B18175 /* A */,
				51847F461E84CFB600B18175 /* AUITests */,
			);
		};
/* End PBXProject section */

/* Begin PBXResourcesBuildPhase section */
		51847F2C1E84CFB600B18175 /* Resources */ = {
			isa = PBXResourcesBuildPhase;
			buildActionMask = 2147483647;
			files = (
				51847F411E84CFB600B18175 /* LaunchScreen.storyboard in Resources */,
				51847F3E1E84CFB600B18175 /* Assets.xcassets in Resources */,
				51847F3C1E84CFB600B18175 /* Main.storyboard in Resources */,
			);
			runOnlyForDeploymentPostprocessing = 0;
		};
		51847F451E84CFB600B18175 /* Resources */ = {
			isa = PBXResourcesBuildPhase;
			buildActionMask = 2147483647;
			files = (
			);
			runOnlyForDeploymentPostprocessing = 0;
		};
/* End PBXResourcesBuildPhase section */

/* Begin PBXShellScriptBuildPhase section */
		1980BBC0FA9FC22C89CB55A7 /* [CP] Embed Pods Frameworks */ = {
			isa = PBXShellScriptBuildPhase;
			buildActionMask = 2147483647;
			files = (
			);
			inputPaths = (
			);
			name = "[CP] Embed Pods Frameworks";
			outputPaths = (
			);
			runOnlyForDeploymentPostprocessing = 0;
			shellPath = /bin/sh;
			shellScript = "\"${SRCROOT}/Pods/Target Support Files/Pods-A/Pods-A-frameworks.sh\"\n";
			showEnvVarsInLog = 0;
		};
		CB05CDEFDAAAFDF7DC661D3A /* [CP] Copy Pods Resources */ = {
			isa = PBXShellScriptBuildPhase;
			buildActionMask = 2147483647;
			files = (
			);
			inputPaths = (
			);
			name = "[CP] Copy Pods Resources";
			outputPaths = (
			);
			runOnlyForDeploymentPostprocessing = 0;
			shellPath = /bin/sh;
			shellScript = "\"${SRCROOT}/Pods/Target Support Files/Pods-A/Pods-A-resources.sh\"\n";
			showEnvVarsInLog = 0;
		};
		D3F5969444EABFA7EE40872E /* [CP] Check Pods Manifest.lock */ = {
			isa = PBXShellScriptBuildPhase;
			buildActionMask = 2147483647;
			files = (
			);
			inputPaths = (
			);
			name = "[CP] Check Pods Manifest.lock";
			outputPaths = (
			);
			runOnlyForDeploymentPostprocessing = 0;
			shellPath = /bin/sh;
			shellScript = "diff \"${PODS_ROOT}/../Podfile.lock\" \"${PODS_ROOT}/Manifest.lock\" > /dev/null\nif [ $? != 0 ] ; then\n    # print error to STDERR\n    echo \"error: The sandbox is not in sync with the Podfile.lock. Run 'pod install' or update your CocoaPods installation.\" >&2\n    exit 1\nfi\n";
			showEnvVarsInLog = 0;
		};
/* End PBXShellScriptBuildPhase section */

/* Begin PBXSourcesBuildPhase section */
		51847F2A1E84CFB600B18175 /* Sources */ = {
			isa = PBXSourcesBuildPhase;
			buildActionMask = 2147483647;
			files = (
				51847F391E84CFB600B18175 /* ViewController.m in Sources */,
				51847F361E84CFB600B18175 /* AppDelegate.m in Sources */,
				51847F331E84CFB600B18175 /* main.m in Sources */,
			);
			runOnlyForDeploymentPostprocessing = 0;
		};
		51847F431E84CFB600B18175 /* Sources */ = {
			isa = PBXSourcesBuildPhase;
			buildActionMask = 2147483647;
			files = (
				51847F4C1E84CFB600B18175 /* AUITests.m in Sources */,
			);
			runOnlyForDeploymentPostprocessing = 0;
		};
/* End PBXSourcesBuildPhase section */

/* Begin PBXTargetDependency section */
		51847F491E84CFB600B18175 /* PBXTargetDependency */ = {
			isa = PBXTargetDependency;
			target = 51847F2D1E84CFB600B18175 /* A */;
			targetProxy = 51847F481E84CFB600B18175 /* PBXContainerItemProxy */;
		};
/* End PBXTargetDependency section */

/* Begin PBXVariantGroup section */
		51847F3A1E84CFB600B18175 /* Main.storyboard */ = {
			isa = PBXVariantGroup;
			children = (
				51847F3B1E84CFB600B18175 /* Base */,
			);
			name = Main.storyboard;
			sourceTree = "<group>";
		};
		51847F3F1E84CFB600B18175 /* LaunchScreen.storyboard */ = {
			isa = PBXVariantGroup;
			children = (
				51847F401E84CFB600B18175 /* Base */,
			);
			name = LaunchScreen.storyboard;
			sourceTree = "<group>";
		};
/* End PBXVariantGroup section */

/* Begin XCBuildConfiguration section */
		51847F4E1E84CFB600B18175 /* Debug */ = {
			isa = XCBuildConfiguration;
			buildSettings = {
				ALWAYS_SEARCH_USER_PATHS = NO;
				CLANG_ANALYZER_NONNULL = YES;
				CLANG_CXX_LANGUAGE_STANDARD = "gnu++0x";
				CLANG_CXX_LIBRARY = "libc++";
				CLANG_ENABLE_MODULES = YES;
				CLANG_ENABLE_OBJC_ARC = YES;
				CLANG_WARN_BOOL_CONVERSION = YES;
				CLANG_WARN_CONSTANT_CONVERSION = YES;
				CLANG_WARN_DIRECT_OBJC_ISA_USAGE = YES_ERROR;
				CLANG_WARN_DOCUMENTATION_COMMENTS = YES;
				CLANG_WARN_EMPTY_BODY = YES;
				CLANG_WARN_ENUM_CONVERSION = YES;
				CLANG_WARN_INFINITE_RECURSION = YES;
				CLANG_WARN_INT_CONVERSION = YES;
				CLANG_WARN_OBJC_ROOT_CLASS = YES_ERROR;
				CLANG_WARN_SUSPICIOUS_MOVE = YES;
				CLANG_WARN_UNREACHABLE_CODE = YES;
				CLANG_WARN__DUPLICATE_METHOD_MATCH = YES;
				"CODE_SIGN_IDENTITY[sdk=iphoneos*]" = "iPhone Developer";
				COPY_PHASE_STRIP = NO;
				DEBUG_INFORMATION_FORMAT = dwarf;
				ENABLE_STRICT_OBJC_MSGSEND = YES;
				ENABLE_TESTABILITY = YES;
				GCC_C_LANGUAGE_STANDARD = gnu99;
				GCC_DYNAMIC_NO_PIC = NO;
				GCC_NO_COMMON_BLOCKS = YES;
				GCC_OPTIMIZATION_LEVEL = 0;
				GCC_PREPROCESSOR_DEFINITIONS = (
					"DEBUG=1",
					"$(inherited)",
				);
				GCC_WARN_64_TO_32_BIT_CONVERSION = YES;
				GCC_WARN_ABOUT_RETURN_TYPE = YES_ERROR;
				GCC_WARN_UNDECLARED_SELECTOR = YES;
				GCC_WARN_UNINITIALIZED_AUTOS = YES_AGGRESSIVE;
				GCC_WARN_UNUSED_FUNCTION = YES;
				GCC_WARN_UNUSED_VARIABLE = YES;
				IPHONEOS_DEPLOYMENT_TARGET = 10.2;
				MTL_ENABLE_DEBUG_INFO = YES;
				ONLY_ACTIVE_ARCH = YES;
				SDKROOT = iphoneos;
			};
			name = Debug;
		};
		51847F4F1E84CFB600B18175 /* Release */ = {
			isa = XCBuildConfiguration;
			buildSettings = {
				ALWAYS_SEARCH_USER_PATHS = NO;
				CLANG_ANALYZER_NONNULL = YES;
				CLANG_CXX_LANGUAGE_STANDARD = "gnu++0x";
				CLANG_CXX_LIBRARY = "libc++";
				CLANG_ENABLE_MODULES = YES;
				CLANG_ENABLE_OBJC_ARC = YES;
				CLANG_WARN_BOOL_CONVERSION = YES;
				CLANG_WARN_CONSTANT_CONVERSION = YES;
				CLANG_WARN_DIRECT_OBJC_ISA_USAGE = YES_ERROR;
				CLANG_WARN_DOCUMENTATION_COMMENTS = YES;
				CLANG_WARN_EMPTY_BODY = YES;
				CLANG_WARN_ENUM_CONVERSION = YES;
				CLANG_WARN_INFINITE_RECURSION = YES;
				CLANG_WARN_INT_CONVERSION = YES;
				CLANG_WARN_OBJC_ROOT_CLASS = YES_ERROR;
				CLANG_WARN_SUSPICIOUS_MOVE = YES;
				CLANG_WARN_UNREACHABLE_CODE = YES;
				CLANG_WARN__DUPLICATE_METHOD_MATCH = YES;
				"CODE_SIGN_IDENTITY[sdk=iphoneos*]" = "iPhone Developer";
				COPY_PHASE_STRIP = NO;
				DEBUG_INFORMATION_FORMAT = "dwarf-with-dsym";
				ENABLE_NS_ASSERTIONS = NO;
				ENABLE_STRICT_OBJC_MSGSEND = YES;
				GCC_C_LANGUAGE_STANDARD = gnu99;
				GCC_NO_COMMON_BLOCKS = YES;
				GCC_WARN_64_TO_32_BIT_CONVERSION = YES;
				GCC_WARN_ABOUT_RETURN_TYPE = YES_ERROR;
				GCC_WARN_UNDECLARED_SELECTOR = YES;
				GCC_WARN_UNINITIALIZED_AUTOS = YES_AGGRESSIVE;
				GCC_WARN_UNUSED_FUNCTION = YES;
				GCC_WARN_UNUSED_VARIABLE = YES;
				IPHONEOS_DEPLOYMENT_TARGET = 10.2;
				MTL_ENABLE_DEBUG_INFO = NO;
				SDKROOT = iphoneos;
				VALIDATE_PRODUCT = YES;
			};
			name = Release;
		};
		51847F511E84CFB600B18175 /* Debug */ = {
			isa = XCBuildConfiguration;
			baseConfigurationReference = D2F944BE5A86BD4AE9947B49 /* Pods-A.debug.xcconfig */;
			buildSettings = {
				ASSETCATALOG_COMPILER_APPICON_NAME = AppIcon;
				DEVELOPMENT_TEAM = 3F5U6TT3SR;
				INFOPLIST_FILE = A/Info.plist;
				LD_RUNPATH_SEARCH_PATHS = "$(inherited) @executable_path/Frameworks";
				PRODUCT_BUNDLE_IDENTIFIER = Minos.A;
				PRODUCT_NAME = "$(TARGET_NAME)";
			};
			name = Debug;
		};
		51847F521E84CFB600B18175 /* Release */ = {
			isa = XCBuildConfiguration;
			baseConfigurationReference = E2430B10C66436B4BD3AF869 /* Pods-A.release.xcconfig */;
			buildSettings = {
				ASSETCATALOG_COMPILER_APPICON_NAME = AppIcon;
				DEVELOPMENT_TEAM = 3F5U6TT3SR;
				INFOPLIST_FILE = A/Info.plist;
				LD_RUNPATH_SEARCH_PATHS = "$(inherited) @executable_path/Frameworks";
				PRODUCT_BUNDLE_IDENTIFIER = Minos.A;
				PRODUCT_NAME = "$(TARGET_NAME)";
			};
			name = Release;
		};
		51847F541E84CFB600B18175 /* Debug */ = {
			isa = XCBuildConfiguration;
			buildSettings = {
				DEVELOPMENT_TEAM = 3F5U6TT3SR;
				INFOPLIST_FILE = AUITests/Info.plist;
				LD_RUNPATH_SEARCH_PATHS = "$(inherited) @executable_path/Frameworks @loader_path/Frameworks";
				PRODUCT_BUNDLE_IDENTIFIER = Minos.AUITests;
				PRODUCT_NAME = "$(TARGET_NAME)";
				TEST_TARGET_NAME = A;
			};
			name = Debug;
		};
		51847F551E84CFB600B18175 /* Release */ = {
			isa = XCBuildConfiguration;
			buildSettings = {
				DEVELOPMENT_TEAM = 3F5U6TT3SR;
				INFOPLIST_FILE = AUITests/Info.plist;
				LD_RUNPATH_SEARCH_PATHS = "$(inherited) @executable_path/Frameworks @loader_path/Frameworks";
				PRODUCT_BUNDLE_IDENTIFIER = Minos.AUITests;
				PRODUCT_NAME = "$(TARGET_NAME)";
				TEST_TARGET_NAME = A;
			};
			name = Release;
		};
/* End XCBuildConfiguration section */

/* Begin XCConfigurationList section */
		51847F291E84CFB600B18175 /* Build configuration list for PBXProject "A" */ = {
			isa = XCConfigurationList;
			buildConfigurations = (
				51847F4E1E84CFB600B18175 /* Debug */,
				51847F4F1E84CFB600B18175 /* Release */,
			);
			defaultConfigurationIsVisible = 0;
			defaultConfigurationName = Release;
		};
		51847F501E84CFB600B18175 /* Build configuration list for PBXNativeTarget "A" */ = {
			isa = XCConfigurationList;
			buildConfigurations = (
				51847F511E84CFB600B18175 /* Debug */,
				51847F521E84CFB600B18175 /* Release */,
			);
			defaultConfigurationIsVisible = 0;
			defaultConfigurationName = Release;
		};
		51847F531E84CFB600B18175 /* Build configuration list for PBXNativeTarget "AUITests" */ = {
			isa = XCConfigurationList;
			buildConfigurations = (
				51847F541E84CFB600B18175 /* Debug */,
				51847F551E84CFB600B18175 /* Release */,
			);
			defaultConfigurationIsVisible = 0;
			defaultConfigurationName = Release;
		};
/* End XCConfigurationList section */
	};
	rootObject = 51847F261E84CFB600B18175 /* Project object */;
}
